
Microsoft Visual Studio Solution File, Format Version 12.00
# Visual Studio Version 17
VisualStudioVersion = 17.14.36603.0 d17.14
MinimumVisualStudioVersion = 10.0.40219.1
Project("{FAE04EC0-301F-11D3-BF4B-00C04F79EFBC}") = "WindowsFormsApp3", "WindowsFormsApp3.csproj", "{0733FBCF-17A6-475F-8B4B-BFE7B0BF6940}"
EndProject
Global
	GlobalSection(SolutionConfigurationPlatforms) = preSolution
		Debug|Any CPU = Debug|Any CPU
		Release|Any CPU = Release|Any CPU
	EndGlobalSection
	GlobalSection(ProjectConfigurationPlatforms) = postSolution
		{0733FBCF-17A6-475F-8B4B-BFE7B0BF6940}.Debug|Any CPU.ActiveCfg = Debug|Any CPU
		{0733FBCF-17A6-475F-8B4B-BFE7B0BF6940}.Debug|Any CPU.Build.0 = Debug|Any CPU
		{0733FBCF-17A6-475F-8B4B-BFE7B0BF6940}.Release|Any CPU.ActiveCfg = Release|Any CPU
		{0733FBCF-17A6-475F-8B4B-BFE7B0BF6940}.Release|Any CPU.Build.0 = Release|Any CPU
	EndGlobalSection
	GlobalSection(SolutionProperties) = preSolution
		HideSolutionNode = FALSE
	EndGlobalSection
	GlobalSection(ExtensibilityGlobals) = postSolution
		SolutionGuid = {01FB51AC-02D7-4CF5-8D94-0934B01E23D4}
	EndGlobalSection
EndGlobal
